
Microsoft Visual Studio Solution File, Format Version 12.00
# Visual Studio Version 17
VisualStudioVersion = 17.0.31903.59
MinimumVisualStudioVersion = 10.0.40219.1
Project("{FAE04EC0-301F-11D3-BF4B-00C04F79EFBC}") = "AppEasyUI", "AppEasyUI\AppEasyUI.csproj", "{D2FA21B9-94F5-4004-A287-AD6C6A219138}"
EndProject
Global
	GlobalSection(SolutionConfigurationPlatforms) = preSolution
		Debug|Any CPU = Debug|Any CPU
		Release|Any CPU = Release|Any CPU
	EndGlobalSection
	GlobalSection(ProjectConfigurationPlatforms) = postSolution
		{D2FA21B9-94F5-4004-A287-AD6C6A219138}.Debug|Any CPU.ActiveCfg = Debug|Any CPU
		{D2FA21B9-94F5-4004-A287-AD6C6A219138}.Debug|Any CPU.Build.0 = Debug|Any CPU
		{D2FA21B9-94F5-4004-A287-AD6C6A219138}.Release|Any CPU.ActiveCfg = Release|Any CPU
		{D2FA21B9-94F5-4004-A287-AD6C6A219138}.Release|Any CPU.Build.0 = Release|Any CPU
	EndGlobalSection
	GlobalSection(SolutionProperties) = preSolution
		HideSolutionNode = FALSE
	EndGlobalSection
	GlobalSection(ExtensibilityGlobals) = postSolution
		SolutionGuid = {0E7EF1CB-6BB5-4236-9455-5A4731EA1715}
	EndGlobalSection
EndGlobal
